
Microsoft Visual Studio Solution File, Format Version 12.00
# Visual Studio Version 17
VisualStudioVersion = 17.1.32328.378
MinimumVisualStudioVersion = 10.0.40219.1
Project("{FAE04EC0-301F-11D3-BF4B-00C04F79EFBC}") = "Almacenes Caiman Proyecto", "Almacenes Caiman Proyecto\Almacenes Caiman Proyecto.csproj", "{55BF72AA-F6E9-432B-BCC1-D427D7C15F78}"
EndProject
Global
	GlobalSection(SolutionConfigurationPlatforms) = preSolution
		Debug|Any CPU = Debug|Any CPU
		Release|Any CPU = Release|Any CPU
	EndGlobalSection
	GlobalSection(ProjectConfigurationPlatforms) = postSolution
		{55BF72AA-F6E9-432B-BCC1-D427D7C15F78}.Debug|Any CPU.ActiveCfg = Debug|Any CPU
		{55BF72AA-F6E9-432B-BCC1-D427D7C15F78}.Debug|Any CPU.Build.0 = Debug|Any CPU
		{55BF72AA-F6E9-432B-BCC1-D427D7C15F78}.Release|Any CPU.ActiveCfg = Release|Any CPU
		{55BF72AA-F6E9-432B-BCC1-D427D7C15F78}.Release|Any CPU.Build.0 = Release|Any CPU
	EndGlobalSection
	GlobalSection(SolutionProperties) = preSolution
		HideSolutionNode = FALSE
	EndGlobalSection
	GlobalSection(ExtensibilityGlobals) = postSolution
		SolutionGuid = {BBE0D6F7-2BEB-4B63-AD83-87570FC1C0AD}
	EndGlobalSection
EndGlobal
